// !$*UTF8*$!
{
	archiveVersion = 1;
	classes = {
	};
	objectVersion = 56;
	objects = {

/* Begin PBXBuildFile section */
		DE11636F2A09C6C800C29FF1 /* SnapKit in Frameworks */ = {isa = PBXBuildFile; productRef = DE11636E2A09C6C800C29FF1 /* SnapKit */; };
		DE1163722A09C6F000C29FF1 /* Then in Frameworks */ = {isa = PBXBuildFile; productRef = DE1163712A09C6F000C29FF1 /* Then */; };
		DE1163742A09DE4800C29FF1 /* User.swift in Sources */ = {isa = PBXBuildFile; fileRef = DE1163732A09DE4800C29FF1 /* User.swift */; };
		DE1163762A0A1D2200C29FF1 /* Server.swift in Sources */ = {isa = PBXBuildFile; fileRef = DE1163752A0A1D2200C29FF1 /* Server.swift */; };
		DE2850CC29D1D886000CDE9C /* ScheduleViewController.swift in Sources */ = {isa = PBXBuildFile; fileRef = DE2850CB29D1D886000CDE9C /* ScheduleViewController.swift */; };
		DE2850D029D1DD48000CDE9C /* TabBarViewController.swift in Sources */ = {isa = PBXBuildFile; fileRef = DE2850CF29D1DD48000CDE9C /* TabBarViewController.swift */; };
		DE2850D229D1E108000CDE9C /* WriteViewController.swift in Sources */ = {isa = PBXBuildFile; fileRef = DE2850D129D1E108000CDE9C /* WriteViewController.swift */; };
		DE2850D529D1E696000CDE9C /* Write.storyboard in Resources */ = {isa = PBXBuildFile; fileRef = DE2850D429D1E696000CDE9C /* Write.storyboard */; };
		DE45073229C904B600365556 /* AppDelegate.swift in Sources */ = {isa = PBXBuildFile; fileRef = DE45073129C904B600365556 /* AppDelegate.swift */; };
		DE45073429C904B600365556 /* SceneDelegate.swift in Sources */ = {isa = PBXBuildFile; fileRef = DE45073329C904B600365556 /* SceneDelegate.swift */; };
		DE45073B29C904B700365556 /* Assets.xcassets in Resources */ = {isa = PBXBuildFile; fileRef = DE45073A29C904B700365556 /* Assets.xcassets */; };
		DE45073E29C904B700365556 /* LaunchScreen.storyboard in Resources */ = {isa = PBXBuildFile; fileRef = DE45073C29C904B700365556 /* LaunchScreen.storyboard */; };
		DE45074929C904B700365556 /* WassUPTests.swift in Sources */ = {isa = PBXBuildFile; fileRef = DE45074829C904B700365556 /* WassUPTests.swift */; };
		DE45075329C904B700365556 /* WassUPUITests.swift in Sources */ = {isa = PBXBuildFile; fileRef = DE45075229C904B700365556 /* WassUPUITests.swift */; };
		DE45075529C904B700365556 /* WassUPUITestsLaunchTests.swift in Sources */ = {isa = PBXBuildFile; fileRef = DE45075429C904B700365556 /* WassUPUITestsLaunchTests.swift */; };
		DE45076429C9051900365556 /* Login.storyboard in Resources */ = {isa = PBXBuildFile; fileRef = DE45076329C9051900365556 /* Login.storyboard */; };
		DE45076729C9073600365556 /* LoginViewController.swift in Sources */ = {isa = PBXBuildFile; fileRef = DE45076629C9073600365556 /* LoginViewController.swift */; };
		DE45076A29C9144D00365556 /* SignInViewController.swift in Sources */ = {isa = PBXBuildFile; fileRef = DE45076929C9144D00365556 /* SignInViewController.swift */; };
		DE45076C29C9146700365556 /* SignIn.storyboard in Resources */ = {isa = PBXBuildFile; fileRef = DE45076B29C9146700365556 /* SignIn.storyboard */; };
		DE68F8152A0D0130007F0C00 /* SettingViewController.swift in Sources */ = {isa = PBXBuildFile; fileRef = DE68F8142A0D0130007F0C00 /* SettingViewController.swift */; };
		DECF8D3D2A03C3CB00A07C4E /* FSCalendar in Frameworks */ = {isa = PBXBuildFile; productRef = DECF8D3C2A03C3CB00A07C4E /* FSCalendar */; };
		DECF8D402A03CAB400A07C4E /* Detail.storyboard in Resources */ = {isa = PBXBuildFile; fileRef = DECF8D3F2A03CAB400A07C4E /* Detail.storyboard */; };
		DECF8D422A03CAC500A07C4E /* DetailViewController.swift in Sources */ = {isa = PBXBuildFile; fileRef = DECF8D412A03CAC500A07C4E /* DetailViewController.swift */; };
/* End PBXBuildFile section */

/* Begin PBXContainerItemProxy section */
		DE45074529C904B700365556 /* PBXContainerItemProxy */ = {
			isa = PBXContainerItemProxy;
			containerPortal = DE45072629C904B600365556 /* Project object */;
			proxyType = 1;
			remoteGlobalIDString = DE45072D29C904B600365556;
			remoteInfo = WassUP;
		};
		DE45074F29C904B700365556 /* PBXContainerItemProxy */ = {
			isa = PBXContainerItemProxy;
			containerPortal = DE45072629C904B600365556 /* Project object */;
			proxyType = 1;
			remoteGlobalIDString = DE45072D29C904B600365556;
			remoteInfo = WassUP;
		};
/* End PBXContainerItemProxy section */

/* Begin PBXFileReference section */
		DE1163732A09DE4800C29FF1 /* User.swift */ = {isa = PBXFileReference; lastKnownFileType = sourcecode.swift; path = User.swift; sourceTree = "<group>"; };
		DE1163752A0A1D2200C29FF1 /* Server.swift */ = {isa = PBXFileReference; lastKnownFileType = sourcecode.swift; path = Server.swift; sourceTree = "<group>"; };
		DE2850CB29D1D886000CDE9C /* ScheduleViewController.swift */ = {isa = PBXFileReference; lastKnownFileType = sourcecode.swift; path = ScheduleViewController.swift; sourceTree = "<group>"; };
		DE2850CF29D1DD48000CDE9C /* TabBarViewController.swift */ = {isa = PBXFileReference; lastKnownFileType = sourcecode.swift; path = TabBarViewController.swift; sourceTree = "<group>"; };
		DE2850D129D1E108000CDE9C /* WriteViewController.swift */ = {isa = PBXFileReference; lastKnownFileType = sourcecode.swift; path = WriteViewController.swift; sourceTree = "<group>"; };
		DE2850D429D1E696000CDE9C /* Write.storyboard */ = {isa = PBXFileReference; lastKnownFileType = file.storyboard; path = Write.storyboard; sourceTree = "<group>"; };
		DE45072E29C904B600365556 /* WassUP.app */ = {isa = PBXFileReference; explicitFileType = wrapper.application; includeInIndex = 0; path = WassUP.app; sourceTree = BUILT_PRODUCTS_DIR; };
		DE45073129C904B600365556 /* AppDelegate.swift */ = {isa = PBXFileReference; lastKnownFileType = sourcecode.swift; path = AppDelegate.swift; sourceTree = "<group>"; };
		DE45073329C904B600365556 /* SceneDelegate.swift */ = {isa = PBXFileReference; lastKnownFileType = sourcecode.swift; path = SceneDelegate.swift; sourceTree = "<group>"; };
		DE45073A29C904B700365556 /* Assets.xcassets */ = {isa = PBXFileReference; lastKnownFileType = folder.assetcatalog; path = Assets.xcassets; sourceTree = "<group>"; };
		DE45073D29C904B700365556 /* Base */ = {isa = PBXFileReference; lastKnownFileType = file.storyboard; name = Base; path = Base.lproj/LaunchScreen.storyboard; sourceTree = "<group>"; };
		DE45073F29C904B700365556 /* Info.plist */ = {isa = PBXFileReference; lastKnownFileType = text.plist.xml; path = Info.plist; sourceTree = "<group>"; };
		DE45074429C904B700365556 /* WassUPTests.xctest */ = {isa = PBXFileReference; explicitFileType = wrapper.cfbundle; includeInIndex = 0; path = WassUPTests.xctest; sourceTree = BUILT_PRODUCTS_DIR; };
		DE45074829C904B700365556 /* WassUPTests.swift */ = {isa = PBXFileReference; lastKnownFileType = sourcecode.swift; path = WassUPTests.swift; sourceTree = "<group>"; };
		DE45074E29C904B700365556 /* WassUPUITests.xctest */ = {isa = PBXFileReference; explicitFileType = wrapper.cfbundle; includeInIndex = 0; path = WassUPUITests.xctest; sourceTree = BUILT_PRODUCTS_DIR; };
		DE45075229C904B700365556 /* WassUPUITests.swift */ = {isa = PBXFileReference; lastKnownFileType = sourcecode.swift; path = WassUPUITests.swift; sourceTree = "<group>"; };
		DE45075429C904B700365556 /* WassUPUITestsLaunchTests.swift */ = {isa = PBXFileReference; lastKnownFileType = sourcecode.swift; path = WassUPUITestsLaunchTests.swift; sourceTree = "<group>"; };
		DE45076329C9051900365556 /* Login.storyboard */ = {isa = PBXFileReference; lastKnownFileType = file.storyboard; path = Login.storyboard; sourceTree = "<group>"; };
		DE45076629C9073600365556 /* LoginViewController.swift */ = {isa = PBXFileReference; lastKnownFileType = sourcecode.swift; path = LoginViewController.swift; sourceTree = "<group>"; };
		DE45076929C9144D00365556 /* SignInViewController.swift */ = {isa = PBXFileReference; lastKnownFileType = sourcecode.swift; path = SignInViewController.swift; sourceTree = "<group>"; };
		DE45076B29C9146700365556 /* SignIn.storyboard */ = {isa = PBXFileReference; lastKnownFileType = file.storyboard; path = SignIn.storyboard; sourceTree = "<group>"; };
		DE68F8142A0D0130007F0C00 /* SettingViewController.swift */ = {isa = PBXFileReference; lastKnownFileType = sourcecode.swift; path = SettingViewController.swift; sourceTree = "<group>"; };
		DECF8D3F2A03CAB400A07C4E /* Detail.storyboard */ = {isa = PBXFileReference; lastKnownFileType = file.storyboard; path = Detail.storyboard; sourceTree = "<group>"; };
		DECF8D412A03CAC500A07C4E /* DetailViewController.swift */ = {isa = PBXFileReference; lastKnownFileType = sourcecode.swift; path = DetailViewController.swift; sourceTree = "<group>"; };
/* End PBXFileReference section */

/* Begin PBXFrameworksBuildPhase section */
		DE45072B29C904B600365556 /* Frameworks */ = {
			isa = PBXFrameworksBuildPhase;
			buildActionMask = 2147483647;
			files = (
				DECF8D3D2A03C3CB00A07C4E /* FSCalendar in Frameworks */,
				DE1163722A09C6F000C29FF1 /* Then in Frameworks */,
				DE11636F2A09C6C800C29FF1 /* SnapKit in Frameworks */,
			);
			runOnlyForDeploymentPostprocessing = 0;
		};
		DE45074129C904B700365556 /* Frameworks */ = {
			isa = PBXFrameworksBuildPhase;
			buildActionMask = 2147483647;
			files = (
			);
			runOnlyForDeploymentPostprocessing = 0;
		};
		DE45074B29C904B700365556 /* Frameworks */ = {
			isa = PBXFrameworksBuildPhase;
			buildActionMask = 2147483647;
			files = (
			);
			runOnlyForDeploymentPostprocessing = 0;
		};
/* End PBXFrameworksBuildPhase section */

/* Begin PBXGroup section */
		DE1163792A0A5CEC00C29FF1 /* Model */ = {
			isa = PBXGroup;
			children = (
				DE1163732A09DE4800C29FF1 /* User.swift */,
				DE1163752A0A1D2200C29FF1 /* Server.swift */,
			);
			path = Model;
			sourceTree = "<group>";
		};
		DE2850CA29D1D874000CDE9C /* TabBar */ = {
			isa = PBXGroup;
			children = (
				DE2850CB29D1D886000CDE9C /* ScheduleViewController.swift */,
				DE2850CF29D1DD48000CDE9C /* TabBarViewController.swift */,
			);
			path = TabBar;
			sourceTree = "<group>";
		};
		DE2850D329D1E687000CDE9C /* Write */ = {
			isa = PBXGroup;
			children = (
				DE2850D129D1E108000CDE9C /* WriteViewController.swift */,
				DE2850D429D1E696000CDE9C /* Write.storyboard */,
			);
			path = Write;
			sourceTree = "<group>";
		};
		DE45072529C904B600365556 = {
			isa = PBXGroup;
			children = (
				DE45073029C904B600365556 /* WassUP */,
				DE45074729C904B700365556 /* WassUPTests */,
				DE45075129C904B700365556 /* WassUPUITests */,
				DE45072F29C904B600365556 /* Products */,
			);
			sourceTree = "<group>";
		};
		DE45072F29C904B600365556 /* Products */ = {
			isa = PBXGroup;
			children = (
				DE45072E29C904B600365556 /* WassUP.app */,
				DE45074429C904B700365556 /* WassUPTests.xctest */,
				DE45074E29C904B700365556 /* WassUPUITests.xctest */,
			);
			name = Products;
			sourceTree = "<group>";
		};
		DE45073029C904B600365556 /* WassUP */ = {
			isa = PBXGroup;
			children = (
				DE1163792A0A5CEC00C29FF1 /* Model */,
				DECF8D3E2A03CAAA00A07C4E /* Detail */,
				DE45076529C9064800365556 /* Login */,
				DE2850D329D1E687000CDE9C /* Write */,
				DE2850CA29D1D874000CDE9C /* TabBar */,
				DE45076829C9142E00365556 /* SignIn */,
				DE45073129C904B600365556 /* AppDelegate.swift */,
				DE45073329C904B600365556 /* SceneDelegate.swift */,
				DE45073A29C904B700365556 /* Assets.xcassets */,
				DE45073C29C904B700365556 /* LaunchScreen.storyboard */,
				DE45073F29C904B700365556 /* Info.plist */,
			);
			path = WassUP;
			sourceTree = "<group>";
		};
		DE45074729C904B700365556 /* WassUPTests */ = {
			isa = PBXGroup;
			children = (
				DE45074829C904B700365556 /* WassUPTests.swift */,
			);
			path = WassUPTests;
			sourceTree = "<group>";
		};
		DE45075129C904B700365556 /* WassUPUITests */ = {
			isa = PBXGroup;
			children = (
				DE45075229C904B700365556 /* WassUPUITests.swift */,
				DE45075429C904B700365556 /* WassUPUITestsLaunchTests.swift */,
			);
			path = WassUPUITests;
			sourceTree = "<group>";
		};
		DE45076529C9064800365556 /* Login */ = {
			isa = PBXGroup;
			children = (
				DE45076629C9073600365556 /* LoginViewController.swift */,
				DE45076329C9051900365556 /* Login.storyboard */,
				DE68F8142A0D0130007F0C00 /* SettingViewController.swift */,
			);
			path = Login;
			sourceTree = "<group>";
		};
		DE45076829C9142E00365556 /* SignIn */ = {
			isa = PBXGroup;
			children = (
				DE45076929C9144D00365556 /* SignInViewController.swift */,
				DE45076B29C9146700365556 /* SignIn.storyboard */,
			);
			path = SignIn;
			sourceTree = "<group>";
		};
		DECF8D3E2A03CAAA00A07C4E /* Detail */ = {
			isa = PBXGroup;
			children = (
				DECF8D3F2A03CAB400A07C4E /* Detail.storyboard */,
				DECF8D412A03CAC500A07C4E /* DetailViewController.swift */,
			);
			path = Detail;
			sourceTree = "<group>";
		};
/* End PBXGroup section */

/* Begin PBXNativeTarget section */
		DE45072D29C904B600365556 /* WassUP */ = {
			isa = PBXNativeTarget;
			buildConfigurationList = DE45075829C904B700365556 /* Build configuration list for PBXNativeTarget "WassUP" */;
			buildPhases = (
				DE45072A29C904B600365556 /* Sources */,
				DE45072B29C904B600365556 /* Frameworks */,
				DE45072C29C904B600365556 /* Resources */,
			);
			buildRules = (
			);
			dependencies = (
			);
			name = WassUP;
			packageProductDependencies = (
				DECF8D3C2A03C3CB00A07C4E /* FSCalendar */,
				DE11636E2A09C6C800C29FF1 /* SnapKit */,
				DE1163712A09C6F000C29FF1 /* Then */,
			);
			productName = WassUP;
			productReference = DE45072E29C904B600365556 /* WassUP.app */;
			productType = "com.apple.product-type.application";
		};
		DE45074329C904B700365556 /* WassUPTests */ = {
			isa = PBXNativeTarget;
			buildConfigurationList = DE45075B29C904B700365556 /* Build configuration list for PBXNativeTarget "WassUPTests" */;
			buildPhases = (
				DE45074029C904B700365556 /* Sources */,
				DE45074129C904B700365556 /* Frameworks */,
				DE45074229C904B700365556 /* Resources */,
			);
			buildRules = (
			);
			dependencies = (
				DE45074629C904B700365556 /* PBXTargetDependency */,
			);
			name = WassUPTests;
			productName = WassUPTests;
			productReference = DE45074429C904B700365556 /* WassUPTests.xctest */;
			productType = "com.apple.product-type.bundle.unit-test";
		};
		DE45074D29C904B700365556 /* WassUPUITests */ = {
			isa = PBXNativeTarget;
			buildConfigurationList = DE45075E29C904B700365556 /* Build configuration list for PBXNativeTarget "WassUPUITests" */;
			buildPhases = (
				DE45074A29C904B700365556 /* Sources */,
				DE45074B29C904B700365556 /* Frameworks */,
				DE45074C29C904B700365556 /* Resources */,
			);
			buildRules = (
			);
			dependencies = (
				DE45075029C904B700365556 /* PBXTargetDependency */,
			);
			name = WassUPUITests;
			productName = WassUPUITests;
			productReference = DE45074E29C904B700365556 /* WassUPUITests.xctest */;
			productType = "com.apple.product-type.bundle.ui-testing";
		};
/* End PBXNativeTarget section */

/* Begin PBXProject section */
		DE45072629C904B600365556 /* Project object */ = {
			isa = PBXProject;
			attributes = {
				BuildIndependentTargetsInParallel = 1;
				LastSwiftUpdateCheck = 1420;
				LastUpgradeCheck = 1420;
				TargetAttributes = {
					DE45072D29C904B600365556 = {
						CreatedOnToolsVersion = 14.2;
					};
					DE45074329C904B700365556 = {
						CreatedOnToolsVersion = 14.2;
						TestTargetID = DE45072D29C904B600365556;
					};
					DE45074D29C904B700365556 = {
						CreatedOnToolsVersion = 14.2;
						TestTargetID = DE45072D29C904B600365556;
					};
				};
			};
			buildConfigurationList = DE45072929C904B600365556 /* Build configuration list for PBXProject "WassUP" */;
			compatibilityVersion = "Xcode 14.0";
			developmentRegion = en;
			hasScannedForEncodings = 0;
			knownRegions = (
				en,
				Base,
			);
			mainGroup = DE45072529C904B600365556;
			packageReferences = (
				DECF8D3B2A03C3CB00A07C4E /* XCRemoteSwiftPackageReference "FSCalendar" */,
				DE11636D2A09C6C800C29FF1 /* XCRemoteSwiftPackageReference "SnapKit" */,
				DE1163702A09C6F000C29FF1 /* XCRemoteSwiftPackageReference "Then" */,
			);
			productRefGroup = DE45072F29C904B600365556 /* Products */;
			projectDirPath = "";
			projectRoot = "";
			targets = (
				DE45072D29C904B600365556 /* WassUP */,
				DE45074329C904B700365556 /* WassUPTests */,
				DE45074D29C904B700365556 /* WassUPUITests */,
			);
		};
/* End PBXProject section */

/* Begin PBXResourcesBuildPhase section */
		DE45072C29C904B600365556 /* Resources */ = {
			isa = PBXResourcesBuildPhase;
			buildActionMask = 2147483647;
			files = (
				DE45076C29C9146700365556 /* SignIn.storyboard in Resources */,
				DE2850D529D1E696000CDE9C /* Write.storyboard in Resources */,
				DE45076429C9051900365556 /* Login.storyboard in Resources */,
				DECF8D402A03CAB400A07C4E /* Detail.storyboard in Resources */,
				DE45073E29C904B700365556 /* LaunchScreen.storyboard in Resources */,
				DE45073B29C904B700365556 /* Assets.xcassets in Resources */,
			);
			runOnlyForDeploymentPostprocessing = 0;
		};
		DE45074229C904B700365556 /* Resources */ = {
			isa = PBXResourcesBuildPhase;
			buildActionMask = 2147483647;
			files = (
			);
			runOnlyForDeploymentPostprocessing = 0;
		};
		DE45074C29C904B700365556 /* Resources */ = {
			isa = PBXResourcesBuildPhase;
			buildActionMask = 2147483647;
			files = (
			);
			runOnlyForDeploymentPostprocessing = 0;
		};
/* End PBXResourcesBuildPhase section */

/* Begin PBXSourcesBuildPhase section */
		DE45072A29C904B600365556 /* Sources */ = {
			isa = PBXSourcesBuildPhase;
			buildActionMask = 2147483647;
			files = (
				DE1163762A0A1D2200C29FF1 /* Server.swift in Sources */,
				DE68F8152A0D0130007F0C00 /* SettingViewController.swift in Sources */,
				DECF8D422A03CAC500A07C4E /* DetailViewController.swift in Sources */,
				DE2850CC29D1D886000CDE9C /* ScheduleViewController.swift in Sources */,
				DE45076A29C9144D00365556 /* SignInViewController.swift in Sources */,
				DE2850D229D1E108000CDE9C /* WriteViewController.swift in Sources */,
				DE45076729C9073600365556 /* LoginViewController.swift in Sources */,
				DE1163742A09DE4800C29FF1 /* User.swift in Sources */,
				DE45073229C904B600365556 /* AppDelegate.swift in Sources */,
				DE2850D029D1DD48000CDE9C /* TabBarViewController.swift in Sources */,
				DE45073429C904B600365556 /* SceneDelegate.swift in Sources */,
			);
			runOnlyForDeploymentPostprocessing = 0;
		};
		DE45074029C904B700365556 /* Sources */ = {
			isa = PBXSourcesBuildPhase;
			buildActionMask = 2147483647;
			files = (
				DE45074929C904B700365556 /* WassUPTests.swift in Sources */,
			);
			runOnlyForDeploymentPostprocessing = 0;
		};
		DE45074A29C904B700365556 /* Sources */ = {
			isa = PBXSourcesBuildPhase;
			buildActionMask = 2147483647;
			files = (
				DE45075329C904B700365556 /* WassUPUITests.swift in Sources */,
				DE45075529C904B700365556 /* WassUPUITestsLaunchTests.swift in Sources */,
			);
			runOnlyForDeploymentPostprocessing = 0;
		};
/* End PBXSourcesBuildPhase section */

/* Begin PBXTargetDependency section */
		DE45074629C904B700365556 /* PBXTargetDependency */ = {
			isa = PBXTargetDependency;
			target = DE45072D29C904B600365556 /* WassUP */;
			targetProxy = DE45074529C904B700365556 /* PBXContainerItemProxy */;
		};
		DE45075029C904B700365556 /* PBXTargetDependency */ = {
			isa = PBXTargetDependency;
			target = DE45072D29C904B600365556 /* WassUP */;
			targetProxy = DE45074F29C904B700365556 /* PBXContainerItemProxy */;
		};
/* End PBXTargetDependency section */

/* Begin PBXVariantGroup section */
		DE45073C29C904B700365556 /* LaunchScreen.storyboard */ = {
			isa = PBXVariantGroup;
			children = (
				DE45073D29C904B700365556 /* Base */,
			);
			name = LaunchScreen.storyboard;
			sourceTree = "<group>";
		};
/* End PBXVariantGroup section */

/* Begin XCBuildConfiguration section */
		DE45075629C904B700365556 /* Debug */ = {
			isa = XCBuildConfiguration;
			buildSettings = {
				ALWAYS_SEARCH_USER_PATHS = NO;
				CLANG_ANALYZER_NONNULL = YES;
				CLANG_ANALYZER_NUMBER_OBJECT_CONVERSION = YES_AGGRESSIVE;
				CLANG_CXX_LANGUAGE_STANDARD = "gnu++20";
				CLANG_ENABLE_MODULES = YES;
				CLANG_ENABLE_OBJC_ARC = YES;
				CLANG_ENABLE_OBJC_WEAK = YES;
				CLANG_WARN_BLOCK_CAPTURE_AUTORELEASING = YES;
				CLANG_WARN_BOOL_CONVERSION = YES;
				CLANG_WARN_COMMA = YES;
				CLANG_WARN_CONSTANT_CONVERSION = YES;
				CLANG_WARN_DEPRECATED_OBJC_IMPLEMENTATIONS = YES;
				CLANG_WARN_DIRECT_OBJC_ISA_USAGE = YES_ERROR;
				CLANG_WARN_DOCUMENTATION_COMMENTS = YES;
				CLANG_WARN_EMPTY_BODY = YES;
				CLANG_WARN_ENUM_CONVERSION = YES;
				CLANG_WARN_INFINITE_RECURSION = YES;
				CLANG_WARN_INT_CONVERSION = YES;
				CLANG_WARN_NON_LITERAL_NULL_CONVERSION = YES;
				CLANG_WARN_OBJC_IMPLICIT_RETAIN_SELF = YES;
				CLANG_WARN_OBJC_LITERAL_CONVERSION = YES;
				CLANG_WARN_OBJC_ROOT_CLASS = YES_ERROR;
				CLANG_WARN_QUOTED_INCLUDE_IN_FRAMEWORK_HEADER = YES;
				CLANG_WARN_RANGE_LOOP_ANALYSIS = YES;
				CLANG_WARN_STRICT_PROTOTYPES = YES;
				CLANG_WARN_SUSPICIOUS_MOVE = YES;
				CLANG_WARN_UNGUARDED_AVAILABILITY = YES_AGGRESSIVE;
				CLANG_WARN_UNREACHABLE_CODE = YES;
				CLANG_WARN__DUPLICATE_METHOD_MATCH = YES;
				COPY_PHASE_STRIP = NO;
				DEBUG_INFORMATION_FORMAT = dwarf;
				ENABLE_STRICT_OBJC_MSGSEND = YES;
				ENABLE_TESTABILITY = YES;
				GCC_C_LANGUAGE_STANDARD = gnu11;
				GCC_DYNAMIC_NO_PIC = NO;
				GCC_NO_COMMON_BLOCKS = YES;
				GCC_OPTIMIZATION_LEVEL = 0;
				GCC_PREPROCESSOR_DEFINITIONS = (
					"DEBUG=1",
					"$(inherited)",
				);
				GCC_WARN_64_TO_32_BIT_CONVERSION = YES;
				GCC_WARN_ABOUT_RETURN_TYPE = YES_ERROR;
				GCC_WARN_UNDECLARED_SELECTOR = YES;
				GCC_WARN_UNINITIALIZED_AUTOS = YES_AGGRESSIVE;
				GCC_WARN_UNUSED_FUNCTION = YES;
				GCC_WARN_UNUSED_VARIABLE = YES;
				IPHONEOS_DEPLOYMENT_TARGET = 16.2;
				MTL_ENABLE_DEBUG_INFO = INCLUDE_SOURCE;
				MTL_FAST_MATH = YES;
				ONLY_ACTIVE_ARCH = YES;
				SDKROOT = iphoneos;
				SWIFT_ACTIVE_COMPILATION_CONDITIONS = DEBUG;
				SWIFT_OPTIMIZATION_LEVEL = "-Onone";
			};
			name = Debug;
		};
		DE45075729C904B700365556 /* Release */ = {
			isa = XCBuildConfiguration;
			buildSettings = {
				ALWAYS_SEARCH_USER_PATHS = NO;
				CLANG_ANALYZER_NONNULL = YES;
				CLANG_ANALYZER_NUMBER_OBJECT_CONVERSION = YES_AGGRESSIVE;
				CLANG_CXX_LANGUAGE_STANDARD = "gnu++20";
				CLANG_ENABLE_MODULES = YES;
				CLANG_ENABLE_OBJC_ARC = YES;
				CLANG_ENABLE_OBJC_WEAK = YES;
				CLANG_WARN_BLOCK_CAPTURE_AUTORELEASING = YES;
				CLANG_WARN_BOOL_CONVERSION = YES;
				CLANG_WARN_COMMA = YES;
				CLANG_WARN_CONSTANT_CONVERSION = YES;
				CLANG_WARN_DEPRECATED_OBJC_IMPLEMENTATIONS = YES;
				CLANG_WARN_DIRECT_OBJC_ISA_USAGE = YES_ERROR;
				CLANG_WARN_DOCUMENTATION_COMMENTS = YES;
				CLANG_WARN_EMPTY_BODY = YES;
				CLANG_WARN_ENUM_CONVERSION = YES;
				CLANG_WARN_INFINITE_RECURSION = YES;
				CLANG_WARN_INT_CONVERSION = YES;
				CLANG_WARN_NON_LITERAL_NULL_CONVERSION = YES;
				CLANG_WARN_OBJC_IMPLICIT_RETAIN_SELF = YES;
				CLANG_WARN_OBJC_LITERAL_CONVERSION = YES;
				CLANG_WARN_OBJC_ROOT_CLASS = YES_ERROR;
				CLANG_WARN_QUOTED_INCLUDE_IN_FRAMEWORK_HEADER = YES;
				CLANG_WARN_RANGE_LOOP_ANALYSIS = YES;
				CLANG_WARN_STRICT_PROTOTYPES = YES;
				CLANG_WARN_SUSPICIOUS_MOVE = YES;
				CLANG_WARN_UNGUARDED_AVAILABILITY = YES_AGGRESSIVE;
				CLANG_WARN_UNREACHABLE_CODE = YES;
				CLANG_WARN__DUPLICATE_METHOD_MATCH = YES;
				COPY_PHASE_STRIP = NO;
				DEBUG_INFORMATION_FORMAT = "dwarf-with-dsym";
				ENABLE_NS_ASSERTIONS = NO;
				ENABLE_STRICT_OBJC_MSGSEND = YES;
				GCC_C_LANGUAGE_STANDARD = gnu11;
				GCC_NO_COMMON_BLOCKS = YES;
				GCC_WARN_64_TO_32_BIT_CONVERSION = YES;
				GCC_WARN_ABOUT_RETURN_TYPE = YES_ERROR;
				GCC_WARN_UNDECLARED_SELECTOR = YES;
				GCC_WARN_UNINITIALIZED_AUTOS = YES_AGGRESSIVE;
				GCC_WARN_UNUSED_FUNCTION = YES;
				GCC_WARN_UNUSED_VARIABLE = YES;
				IPHONEOS_DEPLOYMENT_TARGET = 16.2;
				MTL_ENABLE_DEBUG_INFO = NO;
				MTL_FAST_MATH = YES;
				SDKROOT = iphoneos;
				SWIFT_COMPILATION_MODE = wholemodule;
				SWIFT_OPTIMIZATION_LEVEL = "-O";
				VALIDATE_PRODUCT = YES;
			};
			name = Release;
		};
		DE45075929C904B700365556 /* Debug */ = {
			isa = XCBuildConfiguration;
			buildSettings = {
				ASSETCATALOG_COMPILER_APPICON_NAME = AppIcon;
				ASSETCATALOG_COMPILER_GLOBAL_ACCENT_COLOR_NAME = AccentColor;
				CODE_SIGN_STYLE = Automatic;
				CURRENT_PROJECT_VERSION = 1;
				DEVELOPMENT_TEAM = 6LXF3U77V6;
				GENERATE_INFOPLIST_FILE = YES;
				INFOPLIST_FILE = WassUP/Info.plist;
				INFOPLIST_KEY_UIApplicationSupportsIndirectInputEvents = YES;
				INFOPLIST_KEY_UILaunchStoryboardName = LaunchScreen;
				INFOPLIST_KEY_UIMainStoryboardFile = Login;
				INFOPLIST_KEY_UISupportedInterfaceOrientations_iPad = "UIInterfaceOrientationPortrait UIInterfaceOrientationPortraitUpsideDown UIInterfaceOrientationLandscapeLeft UIInterfaceOrientationLandscapeRight";
				INFOPLIST_KEY_UISupportedInterfaceOrientations_iPhone = "UIInterfaceOrientationPortrait UIInterfaceOrientationLandscapeLeft UIInterfaceOrientationLandscapeRight";
				LD_RUNPATH_SEARCH_PATHS = (
					"$(inherited)",
					"@executable_path/Frameworks",
				);
				MARKETING_VERSION = 1.0;
				PRODUCT_BUNDLE_IDENTIFIER = HanIpBoy.WassUP;
				PRODUCT_NAME = "$(TARGET_NAME)";
				SWIFT_EMIT_LOC_STRINGS = YES;
				SWIFT_VERSION = 5.0;
				TARGETED_DEVICE_FAMILY = "1,2";
			};
			name = Debug;
		};
		DE45075A29C904B700365556 /* Release */ = {
			isa = XCBuildConfiguration;
			buildSettings = {
				ASSETCATALOG_COMPILER_APPICON_NAME = AppIcon;
				ASSETCATALOG_COMPILER_GLOBAL_ACCENT_COLOR_NAME = AccentColor;
				CODE_SIGN_STYLE = Automatic;
				CURRENT_PROJECT_VERSION = 1;
				DEVELOPMENT_TEAM = 6LXF3U77V6;
				GENERATE_INFOPLIST_FILE = YES;
				INFOPLIST_FILE = WassUP/Info.plist;
				INFOPLIST_KEY_UIApplicationSupportsIndirectInputEvents = YES;
				INFOPLIST_KEY_UILaunchStoryboardName = LaunchScreen;
				INFOPLIST_KEY_UIMainStoryboardFile = Login;
				INFOPLIST_KEY_UISupportedInterfaceOrientations_iPad = "UIInterfaceOrientationPortrait UIInterfaceOrientationPortraitUpsideDown UIInterfaceOrientationLandscapeLeft UIInterfaceOrientationLandscapeRight";
				INFOPLIST_KEY_UISupportedInterfaceOrientations_iPhone = "UIInterfaceOrientationPortrait UIInterfaceOrientationLandscapeLeft UIInterfaceOrientationLandscapeRight";
				LD_RUNPATH_SEARCH_PATHS = (
					"$(inherited)",
					"@executable_path/Frameworks",
				);
				MARKETING_VERSION = 1.0;
				PRODUCT_BUNDLE_IDENTIFIER = HanIpBoy.WassUP;
				PRODUCT_NAME = "$(TARGET_NAME)";
				SWIFT_EMIT_LOC_STRINGS = YES;
				SWIFT_VERSION = 5.0;
				TARGETED_DEVICE_FAMILY = "1,2";
			};
			name = Release;
		};
		DE45075C29C904B700365556 /* Debug */ = {
			isa = XCBuildConfiguration;
			buildSettings = {
				ALWAYS_EMBED_SWIFT_STANDARD_LIBRARIES = YES;
				BUNDLE_LOADER = "$(TEST_HOST)";
				CODE_SIGN_STYLE = Automatic;
				CURRENT_PROJECT_VERSION = 1;
				DEVELOPMENT_TEAM = 6LXF3U77V6;
				GENERATE_INFOPLIST_FILE = YES;
				IPHONEOS_DEPLOYMENT_TARGET = 16.2;
				MARKETING_VERSION = 1.0;
				PRODUCT_BUNDLE_IDENTIFIER = HanIpBoy.WassUPTests;
				PRODUCT_NAME = "$(TARGET_NAME)";
				SWIFT_EMIT_LOC_STRINGS = NO;
				SWIFT_VERSION = 5.0;
				TARGETED_DEVICE_FAMILY = "1,2";
				TEST_HOST = "$(BUILT_PRODUCTS_DIR)/WassUP.app/$(BUNDLE_EXECUTABLE_FOLDER_PATH)/WassUP";
			};
			name = Debug;
		};
		DE45075D29C904B700365556 /* Release */ = {
			isa = XCBuildConfiguration;
			buildSettings = {
				ALWAYS_EMBED_SWIFT_STANDARD_LIBRARIES = YES;
				BUNDLE_LOADER = "$(TEST_HOST)";
				CODE_SIGN_STYLE = Automatic;
				CURRENT_PROJECT_VERSION = 1;
				DEVELOPMENT_TEAM = 6LXF3U77V6;
				GENERATE_INFOPLIST_FILE = YES;
				IPHONEOS_DEPLOYMENT_TARGET = 16.2;
				MARKETING_VERSION = 1.0;
				PRODUCT_BUNDLE_IDENTIFIER = HanIpBoy.WassUPTests;
				PRODUCT_NAME = "$(TARGET_NAME)";
				SWIFT_EMIT_LOC_STRINGS = NO;
				SWIFT_VERSION = 5.0;
				TARGETED_DEVICE_FAMILY = "1,2";
				TEST_HOST = "$(BUILT_PRODUCTS_DIR)/WassUP.app/$(BUNDLE_EXECUTABLE_FOLDER_PATH)/WassUP";
			};
			name = Release;
		};
		DE45075F29C904B700365556 /* Debug */ = {
			isa = XCBuildConfiguration;
			buildSettings = {
				ALWAYS_EMBED_SWIFT_STANDARD_LIBRARIES = YES;
				CODE_SIGN_STYLE = Automatic;
				CURRENT_PROJECT_VERSION = 1;
				DEVELOPMENT_TEAM = 6LXF3U77V6;
				GENERATE_INFOPLIST_FILE = YES;
				MARKETING_VERSION = 1.0;
				PRODUCT_BUNDLE_IDENTIFIER = HanIpBoy.WassUPUITests;
				PRODUCT_NAME = "$(TARGET_NAME)";
				SWIFT_EMIT_LOC_STRINGS = NO;
				SWIFT_VERSION = 5.0;
				TARGETED_DEVICE_FAMILY = "1,2";
				TEST_TARGET_NAME = WassUP;
			};
			name = Debug;
		};
		DE45076029C904B700365556 /* Release */ = {
			isa = XCBuildConfiguration;
			buildSettings = {
				ALWAYS_EMBED_SWIFT_STANDARD_LIBRARIES = YES;
				CODE_SIGN_STYLE = Automatic;
				CURRENT_PROJECT_VERSION = 1;
				DEVELOPMENT_TEAM = 6LXF3U77V6;
				GENERATE_INFOPLIST_FILE = YES;
				MARKETING_VERSION = 1.0;
				PRODUCT_BUNDLE_IDENTIFIER = HanIpBoy.WassUPUITests;
				PRODUCT_NAME = "$(TARGET_NAME)";
				SWIFT_EMIT_LOC_STRINGS = NO;
				SWIFT_VERSION = 5.0;
				TARGETED_DEVICE_FAMILY = "1,2";
				TEST_TARGET_NAME = WassUP;
			};
			name = Release;
		};
/* End XCBuildConfiguration section */

/* Begin XCConfigurationList section */
		DE45072929C904B600365556 /* Build configuration list for PBXProject "WassUP" */ = {
			isa = XCConfigurationList;
			buildConfigurations = (
				DE45075629C904B700365556 /* Debug */,
				DE45075729C904B700365556 /* Release */,
			);
			defaultConfigurationIsVisible = 0;
			defaultConfigurationName = Release;
		};
		DE45075829C904B700365556 /* Build configuration list for PBXNativeTarget "WassUP" */ = {
			isa = XCConfigurationList;
			buildConfigurations = (
				DE45075929C904B700365556 /* Debug */,
				DE45075A29C904B700365556 /* Release */,
			);
			defaultConfigurationIsVisible = 0;
			defaultConfigurationName = Release;
		};
		DE45075B29C904B700365556 /* Build configuration list for PBXNativeTarget "WassUPTests" */ = {
			isa = XCConfigurationList;
			buildConfigurations = (
				DE45075C29C904B700365556 /* Debug */,
				DE45075D29C904B700365556 /* Release */,
			);
			defaultConfigurationIsVisible = 0;
			defaultConfigurationName = Release;
		};
		DE45075E29C904B700365556 /* Build configuration list for PBXNativeTarget "WassUPUITests" */ = {
			isa = XCConfigurationList;
			buildConfigurations = (
				DE45075F29C904B700365556 /* Debug */,
				DE45076029C904B700365556 /* Release */,
			);
			defaultConfigurationIsVisible = 0;
			defaultConfigurationName = Release;
		};
/* End XCConfigurationList section */

/* Begin XCRemoteSwiftPackageReference section */
		DE11636D2A09C6C800C29FF1 /* XCRemoteSwiftPackageReference "SnapKit" */ = {
			isa = XCRemoteSwiftPackageReference;
			repositoryURL = "https://github.com/SnapKit/SnapKit.git";
			requirement = {
				kind = upToNextMajorVersion;
				minimumVersion = 5.0.0;
			};
		};
		DE1163702A09C6F000C29FF1 /* XCRemoteSwiftPackageReference "Then" */ = {
			isa = XCRemoteSwiftPackageReference;
			repositoryURL = "https://github.com/devxoul/Then.git";
			requirement = {
				kind = upToNextMajorVersion;
				minimumVersion = 3.0.0;
			};
		};
		DECF8D3B2A03C3CB00A07C4E /* XCRemoteSwiftPackageReference "FSCalendar" */ = {
			isa = XCRemoteSwiftPackageReference;
			repositoryURL = "http://github.com/WenchaoD/FSCalendar.git";
			requirement = {
				kind = upToNextMajorVersion;
				minimumVersion = 2.0.0;
			};
		};
/* End XCRemoteSwiftPackageReference section */

/* Begin XCSwiftPackageProductDependency section */
		DE11636E2A09C6C800C29FF1 /* SnapKit */ = {
			isa = XCSwiftPackageProductDependency;
			package = DE11636D2A09C6C800C29FF1 /* XCRemoteSwiftPackageReference "SnapKit" */;
			productName = SnapKit;
		};
		DE1163712A09C6F000C29FF1 /* Then */ = {
			isa = XCSwiftPackageProductDependency;
			package = DE1163702A09C6F000C29FF1 /* XCRemoteSwiftPackageReference "Then" */;
			productName = Then;
		};
		DECF8D3C2A03C3CB00A07C4E /* FSCalendar */ = {
			isa = XCSwiftPackageProductDependency;
			package = DECF8D3B2A03C3CB00A07C4E /* XCRemoteSwiftPackageReference "FSCalendar" */;
			productName = FSCalendar;
		};
/* End XCSwiftPackageProductDependency section */
	};
	rootObject = DE45072629C904B600365556 /* Project object */;
}
